
Microsoft Visual Studio Solution File, Format Version 12.00
# Visual Studio Version 16
VisualStudioVersion = 16.0.31624.102
MinimumVisualStudioVersion = 10.0.40219.1
Project("{9A19103F-16F7-4668-BE54-9A1E7A4F7556}") = "HomeView", "HomeView\HomeView.csproj", "{D388BBEE-0A96-490F-88BF-BA8A0936A5D4}"
EndProject
Global
	GlobalSection(SolutionConfigurationPlatforms) = preSolution
		Debug|Any CPU = Debug|Any CPU
		Release|Any CPU = Release|Any CPU
	EndGlobalSection
	GlobalSection(ProjectConfigurationPlatforms) = postSolution
		{D388BBEE-0A96-490F-88BF-BA8A0936A5D4}.Debug|Any CPU.ActiveCfg = Debug|Any CPU
		{D388BBEE-0A96-490F-88BF-BA8A0936A5D4}.Debug|Any CPU.Build.0 = Debug|Any CPU
		{D388BBEE-0A96-490F-88BF-BA8A0936A5D4}.Release|Any CPU.ActiveCfg = Release|Any CPU
		{D388BBEE-0A96-490F-88BF-BA8A0936A5D4}.Release|Any CPU.Build.0 = Release|Any CPU
	EndGlobalSection
	GlobalSection(SolutionProperties) = preSolution
		HideSolutionNode = FALSE
	EndGlobalSection
	GlobalSection(ExtensibilityGlobals) = postSolution
		SolutionGuid = {273DE584-9EC6-42C7-B057-C8712AF72867}
	EndGlobalSection
EndGlobal
